// !$*UTF8*$!
{
	archiveVersion = 1;
	classes = {
	};
	objectVersion = 50;
	objects = {

/* Begin PBXBuildFile section */
		4F024C7720CE9D8E006F9753 /* DrawingSmallPin.m in Sources */ = {isa = PBXBuildFile; fileRef = 4F024C7620CE9D8E006F9753 /* DrawingSmallPin.m */; };
		4F1F9D2320CB9B9A00FB4435 /* DrawingSecond.m in Sources */ = {isa = PBXBuildFile; fileRef = 4F1F9D2220CB9B9A00FB4435 /* DrawingSecond.m */; };
		4F1F9D2620CBCA8900FB4435 /* DrawingMinute.m in Sources */ = {isa = PBXBuildFile; fileRef = 4F1F9D2520CBCA8900FB4435 /* DrawingMinute.m */; };
		4F1F9D2920CBE67A00FB4435 /* DrawingCoordinateSub.m in Sources */ = {isa = PBXBuildFile; fileRef = 4F1F9D2820CBE67A00FB4435 /* DrawingCoordinateSub.m */; };
		4F2C3A9320CB5FF600E80358 /* DrawFoundationSuperClass.m in Sources */ = {isa = PBXBuildFile; fileRef = 4F2C3A9220CB5FF600E80358 /* DrawFoundationSuperClass.m */; };
		4F2C3A9620CB659C00E80358 /* DrawingCoordinate.m in Sources */ = {isa = PBXBuildFile; fileRef = 4F2C3A9520CB659C00E80358 /* DrawingCoordinate.m */; };
		4F5BAE9320B9B86F0051C65E /* DegineCrdArry.m in Sources */ = {isa = PBXBuildFile; fileRef = 4F5BAE9220B9B86F0051C65E /* DegineCrdArry.m */; };
		4F5BAE9620B9BB260051C65E /* InitMakingArrays.m in Sources */ = {isa = PBXBuildFile; fileRef = 4F5BAE9520B9BB260051C65E /* InitMakingArrays.m */; };
		4F5BAE9920BA86680051C65E /* CoordinateInit.m in Sources */ = {isa = PBXBuildFile; fileRef = 4F5BAE9820BA86680051C65E /* CoordinateInit.m */; };
		4F5BAE9C20BA921F0051C65E /* DrawingInterface.m in Sources */ = {isa = PBXBuildFile; fileRef = 4F5BAE9B20BA921F0051C65E /* DrawingInterface.m */; };
		4F6AEC1C20A7D67300166EAA /* ViewController.m in Sources */ = {isa = PBXBuildFile; fileRef = 4F6AEC1B20A7D67300166EAA /* ViewController.m */; };
		4F6AEC1F20A7D67300166EAA /* Main.storyboard in Resources */ = {isa = PBXBuildFile; fileRef = 4F6AEC1D20A7D67300166EAA /* Main.storyboard */; };
		4F6AEC2120A7D67500166EAA /* Assets.xcassets in Resources */ = {isa = PBXBuildFile; fileRef = 4F6AEC2020A7D67500166EAA /* Assets.xcassets */; };
		4F6AEC2420A7D67500166EAA /* LaunchScreen.storyboard in Resources */ = {isa = PBXBuildFile; fileRef = 4F6AEC2220A7D67500166EAA /* LaunchScreen.storyboard */; };
		4F6AEC2720A7D67500166EAA /* main.m in Sources */ = {isa = PBXBuildFile; fileRef = 4F6AEC2620A7D67500166EAA /* main.m */; };
		4F6AEC3120A7D67500166EAA /* MutiBoxTests.m in Sources */ = {isa = PBXBuildFile; fileRef = 4F6AEC3020A7D67500166EAA /* MutiBoxTests.m */; };
		4F6AEC3C20A7D67500166EAA /* MutiBoxUITests.m in Sources */ = {isa = PBXBuildFile; fileRef = 4F6AEC3B20A7D67500166EAA /* MutiBoxUITests.m */; };
		4F9F974920CA0290000743AF /* AppDelegate.m in Sources */ = {isa = PBXBuildFile; fileRef = 4F6AEC1820A7D67300166EAA /* AppDelegate.m */; };
/* End PBXBuildFile section */

/* Begin PBXContainerItemProxy section */
		4F6AEC2D20A7D67500166EAA /* PBXContainerItemProxy */ = {
			isa = PBXContainerItemProxy;
			containerPortal = 4F6AEC0C20A7D67300166EAA /* Project object */;
			proxyType = 1;
			remoteGlobalIDString = 4F6AEC1320A7D67300166EAA;
			remoteInfo = MutiBox;
		};
		4F6AEC3820A7D67500166EAA /* PBXContainerItemProxy */ = {
			isa = PBXContainerItemProxy;
			containerPortal = 4F6AEC0C20A7D67300166EAA /* Project object */;
			proxyType = 1;
			remoteGlobalIDString = 4F6AEC1320A7D67300166EAA;
			remoteInfo = MutiBox;
		};
/* End PBXContainerItemProxy section */

/* Begin PBXFileReference section */
		4F024C7520CE9D8E006F9753 /* DrawingSmallPin.h */ = {isa = PBXFileReference; lastKnownFileType = sourcecode.c.h; path = DrawingSmallPin.h; sourceTree = "<group>"; };
		4F024C7620CE9D8E006F9753 /* DrawingSmallPin.m */ = {isa = PBXFileReference; lastKnownFileType = sourcecode.c.objc; path = DrawingSmallPin.m; sourceTree = "<group>"; };
		4F1F9D2120CB9B9A00FB4435 /* DrawingSecond.h */ = {isa = PBXFileReference; lastKnownFileType = sourcecode.c.h; path = DrawingSecond.h; sourceTree = "<group>"; };
		4F1F9D2220CB9B9A00FB4435 /* DrawingSecond.m */ = {isa = PBXFileReference; lastKnownFileType = sourcecode.c.objc; path = DrawingSecond.m; sourceTree = "<group>"; };
		4F1F9D2420CBCA8900FB4435 /* DrawingMinute.h */ = {isa = PBXFileReference; lastKnownFileType = sourcecode.c.h; path = DrawingMinute.h; sourceTree = "<group>"; };
		4F1F9D2520CBCA8900FB4435 /* DrawingMinute.m */ = {isa = PBXFileReference; lastKnownFileType = sourcecode.c.objc; path = DrawingMinute.m; sourceTree = "<group>"; };
		4F1F9D2720CBE67A00FB4435 /* DrawingCoordinateSub.h */ = {isa = PBXFileReference; lastKnownFileType = sourcecode.c.h; path = DrawingCoordinateSub.h; sourceTree = "<group>"; };
		4F1F9D2820CBE67A00FB4435 /* DrawingCoordinateSub.m */ = {isa = PBXFileReference; lastKnownFileType = sourcecode.c.objc; path = DrawingCoordinateSub.m; sourceTree = "<group>"; };
		4F2C3A9120CB5FF600E80358 /* DrawFoundationSuperClass.h */ = {isa = PBXFileReference; lastKnownFileType = sourcecode.c.h; name = DrawFoundationSuperClass.h; path = MutiBox/DrawFoundationSuperClass.h; sourceTree = SOURCE_ROOT; };
		4F2C3A9220CB5FF600E80358 /* DrawFoundationSuperClass.m */ = {isa = PBXFileReference; lastKnownFileType = sourcecode.c.objc; name = DrawFoundationSuperClass.m; path = MutiBox/DrawFoundationSuperClass.m; sourceTree = SOURCE_ROOT; };
		4F2C3A9420CB659C00E80358 /* DrawingCoordinate.h */ = {isa = PBXFileReference; lastKnownFileType = sourcecode.c.h; path = DrawingCoordinate.h; sourceTree = "<group>"; };
		4F2C3A9520CB659C00E80358 /* DrawingCoordinate.m */ = {isa = PBXFileReference; lastKnownFileType = sourcecode.c.objc; path = DrawingCoordinate.m; sourceTree = "<group>"; };
		4F5BAE9120B9B86F0051C65E /* DegineCrdArry.h */ = {isa = PBXFileReference; lastKnownFileType = sourcecode.c.h; path = DegineCrdArry.h; sourceTree = "<group>"; };
		4F5BAE9220B9B86F0051C65E /* DegineCrdArry.m */ = {isa = PBXFileReference; lastKnownFileType = sourcecode.c.objc; path = DegineCrdArry.m; sourceTree = "<group>"; };
		4F5BAE9420B9BB260051C65E /* InitMakingArrays.h */ = {isa = PBXFileReference; lastKnownFileType = sourcecode.c.h; path = InitMakingArrays.h; sourceTree = "<group>"; };
		4F5BAE9520B9BB260051C65E /* InitMakingArrays.m */ = {isa = PBXFileReference; lastKnownFileType = sourcecode.c.objc; path = InitMakingArrays.m; sourceTree = "<group>"; };
		4F5BAE9720BA86680051C65E /* CoordinateInit.h */ = {isa = PBXFileReference; lastKnownFileType = sourcecode.c.h; path = CoordinateInit.h; sourceTree = "<group>"; };
		4F5BAE9820BA86680051C65E /* CoordinateInit.m */ = {isa = PBXFileReference; lastKnownFileType = sourcecode.c.objc; path = CoordinateInit.m; sourceTree = "<group>"; };
		4F5BAE9A20BA921F0051C65E /* DrawingInterface.h */ = {isa = PBXFileReference; lastKnownFileType = sourcecode.c.h; name = DrawingInterface.h; path = "MutiBox/data-draw/DrawingInterface.h"; sourceTree = SOURCE_ROOT; };
		4F5BAE9B20BA921F0051C65E /* DrawingInterface.m */ = {isa = PBXFileReference; lastKnownFileType = sourcecode.c.objc; name = DrawingInterface.m; path = "MutiBox/data-draw/DrawingInterface.m"; sourceTree = SOURCE_ROOT; };
		4F6AEC1420A7D67300166EAA /* MutiBox.app */ = {isa = PBXFileReference; explicitFileType = wrapper.application; includeInIndex = 0; path = MutiBox.app; sourceTree = BUILT_PRODUCTS_DIR; };
		4F6AEC1720A7D67300166EAA /* AppDelegate.h */ = {isa = PBXFileReference; lastKnownFileType = sourcecode.c.h; path = AppDelegate.h; sourceTree = "<group>"; };
		4F6AEC1820A7D67300166EAA /* AppDelegate.m */ = {isa = PBXFileReference; lastKnownFileType = sourcecode.c.objc; path = AppDelegate.m; sourceTree = "<group>"; };
		4F6AEC1A20A7D67300166EAA /* ViewController.h */ = {isa = PBXFileReference; lastKnownFileType = sourcecode.c.h; path = ViewController.h; sourceTree = "<group>"; };
		4F6AEC1B20A7D67300166EAA /* ViewController.m */ = {isa = PBXFileReference; lastKnownFileType = sourcecode.c.objc; path = ViewController.m; sourceTree = "<group>"; };
		4F6AEC1E20A7D67300166EAA /* Base */ = {isa = PBXFileReference; lastKnownFileType = file.storyboard; name = Base; path = Base.lproj/Main.storyboard; sourceTree = "<group>"; };
		4F6AEC2020A7D67500166EAA /* Assets.xcassets */ = {isa = PBXFileReference; lastKnownFileType = folder.assetcatalog; path = Assets.xcassets; sourceTree = "<group>"; };
		4F6AEC2320A7D67500166EAA /* Base */ = {isa = PBXFileReference; lastKnownFileType = file.storyboard; name = Base; path = Base.lproj/LaunchScreen.storyboard; sourceTree = "<group>"; };
		4F6AEC2520A7D67500166EAA /* Info.plist */ = {isa = PBXFileReference; lastKnownFileType = text.plist.xml; path = Info.plist; sourceTree = "<group>"; };
		4F6AEC2620A7D67500166EAA /* main.m */ = {isa = PBXFileReference; lastKnownFileType = sourcecode.c.objc; path = main.m; sourceTree = "<group>"; };
		4F6AEC2C20A7D67500166EAA /* MutiBoxTests.xctest */ = {isa = PBXFileReference; explicitFileType = wrapper.cfbundle; includeInIndex = 0; path = MutiBoxTests.xctest; sourceTree = BUILT_PRODUCTS_DIR; };
		4F6AEC3020A7D67500166EAA /* MutiBoxTests.m */ = {isa = PBXFileReference; lastKnownFileType = sourcecode.c.objc; path = MutiBoxTests.m; sourceTree = "<group>"; };
		4F6AEC3220A7D67500166EAA /* Info.plist */ = {isa = PBXFileReference; lastKnownFileType = text.plist.xml; path = Info.plist; sourceTree = "<group>"; };
		4F6AEC3720A7D67500166EAA /* MutiBoxUITests.xctest */ = {isa = PBXFileReference; explicitFileType = wrapper.cfbundle; includeInIndex = 0; path = MutiBoxUITests.xctest; sourceTree = BUILT_PRODUCTS_DIR; };
		4F6AEC3B20A7D67500166EAA /* MutiBoxUITests.m */ = {isa = PBXFileReference; lastKnownFileType = sourcecode.c.objc; path = MutiBoxUITests.m; sourceTree = "<group>"; };
		4F6AEC3D20A7D67500166EAA /* Info.plist */ = {isa = PBXFileReference; lastKnownFileType = text.plist.xml; path = Info.plist; sourceTree = "<group>"; };
		4F9F974C20CA0356000743AF /* Protocal-Draw.h */ = {isa = PBXFileReference; lastKnownFileType = sourcecode.c.h; path = "Protocal-Draw.h"; sourceTree = "<group>"; };
/* End PBXFileReference section */

/* Begin PBXFrameworksBuildPhase section */
		4F6AEC1120A7D67300166EAA /* Frameworks */ = {
			isa = PBXFrameworksBuildPhase;
			buildActionMask = 2147483647;
			files = (
			);
			runOnlyForDeploymentPostprocessing = 0;
		};
		4F6AEC2920A7D67500166EAA /* Frameworks */ = {
			isa = PBXFrameworksBuildPhase;
			buildActionMask = 2147483647;
			files = (
			);
			runOnlyForDeploymentPostprocessing = 0;
		};
		4F6AEC3420A7D67500166EAA /* Frameworks */ = {
			isa = PBXFrameworksBuildPhase;
			buildActionMask = 2147483647;
			files = (
			);
			runOnlyForDeploymentPostprocessing = 0;
		};
/* End PBXFrameworksBuildPhase section */

/* Begin PBXGroup section */
		4F6AEC0B20A7D67300166EAA = {
			isa = PBXGroup;
			children = (
				4F6AEC1620A7D67300166EAA /* MutiBox */,
				4F6AEC2F20A7D67500166EAA /* MutiBoxTests */,
				4F6AEC3A20A7D67500166EAA /* MutiBoxUITests */,
				4F6AEC1520A7D67300166EAA /* Products */,
			);
			sourceTree = "<group>";
		};
		4F6AEC1520A7D67300166EAA /* Products */ = {
			isa = PBXGroup;
			children = (
				4F6AEC1420A7D67300166EAA /* MutiBox.app */,
				4F6AEC2C20A7D67500166EAA /* MutiBoxTests.xctest */,
				4F6AEC3720A7D67500166EAA /* MutiBoxUITests.xctest */,
			);
			name = Products;
			sourceTree = "<group>";
		};
		4F6AEC1620A7D67300166EAA /* MutiBox */ = {
			isa = PBXGroup;
			children = (
				4F6AEC1A20A7D67300166EAA /* ViewController.h */,
				4F6AEC1B20A7D67300166EAA /* ViewController.m */,
				4F9F974D20CA244B000743AF /* data-draw */,
				4F9F974720CA024C000743AF /* superclass */,
				4F9F974620CA023F000743AF /* protocal */,
				4F6AEC4920A7D67B00166EAA /* supportfiles */,
				4F6AEC2520A7D67500166EAA /* Info.plist */,
				4F6AEC1D20A7D67300166EAA /* Main.storyboard */,
			);
			path = MutiBox;
			sourceTree = "<group>";
		};
		4F6AEC2F20A7D67500166EAA /* MutiBoxTests */ = {
			isa = PBXGroup;
			children = (
				4F6AEC3020A7D67500166EAA /* MutiBoxTests.m */,
				4F6AEC3220A7D67500166EAA /* Info.plist */,
			);
			path = MutiBoxTests;
			sourceTree = "<group>";
		};
		4F6AEC3A20A7D67500166EAA /* MutiBoxUITests */ = {
			isa = PBXGroup;
			children = (
				4F6AEC3B20A7D67500166EAA /* MutiBoxUITests.m */,
				4F6AEC3D20A7D67500166EAA /* Info.plist */,
			);
			path = MutiBoxUITests;
			sourceTree = "<group>";
		};
		4F6AEC4920A7D67B00166EAA /* supportfiles */ = {
			isa = PBXGroup;
			children = (
				4F6AEC1720A7D67300166EAA /* AppDelegate.h */,
				4F6AEC1820A7D67300166EAA /* AppDelegate.m */,
				4F6AEC2620A7D67500166EAA /* main.m */,
				4F6AEC2020A7D67500166EAA /* Assets.xcassets */,
				4F6AEC2220A7D67500166EAA /* LaunchScreen.storyboard */,
			);
			path = supportfiles;
			sourceTree = "<group>";
		};
		4F9F974620CA023F000743AF /* protocal */ = {
			isa = PBXGroup;
			children = (
				4F9F974C20CA0356000743AF /* Protocal-Draw.h */,
			);
			path = protocal;
			sourceTree = "<group>";
		};
		4F9F974720CA024C000743AF /* superclass */ = {
			isa = PBXGroup;
			children = (
				4F2C3A9120CB5FF600E80358 /* DrawFoundationSuperClass.h */,
				4F2C3A9220CB5FF600E80358 /* DrawFoundationSuperClass.m */,
			);
			path = superclass;
			sourceTree = "<group>";
		};
		4F9F974D20CA244B000743AF /* data-draw */ = {
			isa = PBXGroup;
			children = (
				4F5BAE9720BA86680051C65E /* CoordinateInit.h */,
				4F5BAE9820BA86680051C65E /* CoordinateInit.m */,
				4F5BAE9120B9B86F0051C65E /* DegineCrdArry.h */,
				4F5BAE9220B9B86F0051C65E /* DegineCrdArry.m */,
				4F5BAE9420B9BB260051C65E /* InitMakingArrays.h */,
				4F5BAE9520B9BB260051C65E /* InitMakingArrays.m */,
				4F5BAE9A20BA921F0051C65E /* DrawingInterface.h */,
				4F5BAE9B20BA921F0051C65E /* DrawingInterface.m */,
				4F2C3A9420CB659C00E80358 /* DrawingCoordinate.h */,
				4F2C3A9520CB659C00E80358 /* DrawingCoordinate.m */,
				4F1F9D2720CBE67A00FB4435 /* DrawingCoordinateSub.h */,
				4F1F9D2820CBE67A00FB4435 /* DrawingCoordinateSub.m */,
				4F1F9D2120CB9B9A00FB4435 /* DrawingSecond.h */,
				4F1F9D2220CB9B9A00FB4435 /* DrawingSecond.m */,
				4F1F9D2420CBCA8900FB4435 /* DrawingMinute.h */,
				4F1F9D2520CBCA8900FB4435 /* DrawingMinute.m */,
				4F024C7520CE9D8E006F9753 /* DrawingSmallPin.h */,
				4F024C7620CE9D8E006F9753 /* DrawingSmallPin.m */,
			);
			path = "data-draw";
			sourceTree = "<group>";
		};
/* End PBXGroup section */

/* Begin PBXNativeTarget section */
		4F6AEC1320A7D67300166EAA /* MutiBox */ = {
			isa = PBXNativeTarget;
			buildConfigurationList = 4F6AEC4020A7D67500166EAA /* Build configuration list for PBXNativeTarget "MutiBox" */;
			buildPhases = (
				4F6AEC1020A7D67300166EAA /* Sources */,
				4F6AEC1120A7D67300166EAA /* Frameworks */,
				4F6AEC1220A7D67300166EAA /* Resources */,
			);
			buildRules = (
			);
			dependencies = (
			);
			name = MutiBox;
			productName = MutiBox;
			productReference = 4F6AEC1420A7D67300166EAA /* MutiBox.app */;
			productType = "com.apple.product-type.application";
		};
		4F6AEC2B20A7D67500166EAA /* MutiBoxTests */ = {
			isa = PBXNativeTarget;
			buildConfigurationList = 4F6AEC4320A7D67500166EAA /* Build configuration list for PBXNativeTarget "MutiBoxTests" */;
			buildPhases = (
				4F6AEC2820A7D67500166EAA /* Sources */,
				4F6AEC2920A7D67500166EAA /* Frameworks */,
				4F6AEC2A20A7D67500166EAA /* Resources */,
			);
			buildRules = (
			);
			dependencies = (
				4F6AEC2E20A7D67500166EAA /* PBXTargetDependency */,
			);
			name = MutiBoxTests;
			productName = MutiBoxTests;
			productReference = 4F6AEC2C20A7D67500166EAA /* MutiBoxTests.xctest */;
			productType = "com.apple.product-type.bundle.unit-test";
		};
		4F6AEC3620A7D67500166EAA /* MutiBoxUITests */ = {
			isa = PBXNativeTarget;
			buildConfigurationList = 4F6AEC4620A7D67500166EAA /* Build configuration list for PBXNativeTarget "MutiBoxUITests" */;
			buildPhases = (
				4F6AEC3320A7D67500166EAA /* Sources */,
				4F6AEC3420A7D67500166EAA /* Frameworks */,
				4F6AEC3520A7D67500166EAA /* Resources */,
			);
			buildRules = (
			);
			dependencies = (
				4F6AEC3920A7D67500166EAA /* PBXTargetDependency */,
			);
			name = MutiBoxUITests;
			productName = MutiBoxUITests;
			productReference = 4F6AEC3720A7D67500166EAA /* MutiBoxUITests.xctest */;
			productType = "com.apple.product-type.bundle.ui-testing";
		};
/* End PBXNativeTarget section */

/* Begin PBXProject section */
		4F6AEC0C20A7D67300166EAA /* Project object */ = {
			isa = PBXProject;
			attributes = {
				LastUpgradeCheck = 0930;
				ORGANIZATIONNAME = Jinchuncheng;
				TargetAttributes = {
					4F6AEC1320A7D67300166EAA = {
						CreatedOnToolsVersion = 9.3;
					};
					4F6AEC2B20A7D67500166EAA = {
						CreatedOnToolsVersion = 9.3;
						TestTargetID = 4F6AEC1320A7D67300166EAA;
					};
					4F6AEC3620A7D67500166EAA = {
						CreatedOnToolsVersion = 9.3;
						TestTargetID = 4F6AEC1320A7D67300166EAA;
					};
				};
			};
			buildConfigurationList = 4F6AEC0F20A7D67300166EAA /* Build configuration list for PBXProject "MutiBox" */;
			compatibilityVersion = "Xcode 9.3";
			developmentRegion = en;
			hasScannedForEncodings = 0;
			knownRegions = (
				en,
				Base,
			);
			mainGroup = 4F6AEC0B20A7D67300166EAA;
			productRefGroup = 4F6AEC1520A7D67300166EAA /* Products */;
			projectDirPath = "";
			projectRoot = "";
			targets = (
				4F6AEC1320A7D67300166EAA /* MutiBox */,
				4F6AEC2B20A7D67500166EAA /* MutiBoxTests */,
				4F6AEC3620A7D67500166EAA /* MutiBoxUITests */,
			);
		};
/* End PBXProject section */

/* Begin PBXResourcesBuildPhase section */
		4F6AEC1220A7D67300166EAA /* Resources */ = {
			isa = PBXResourcesBuildPhase;
			buildActionMask = 2147483647;
			files = (
				4F6AEC2420A7D67500166EAA /* LaunchScreen.storyboard in Resources */,
				4F6AEC2120A7D67500166EAA /* Assets.xcassets in Resources */,
				4F6AEC1F20A7D67300166EAA /* Main.storyboard in Resources */,
			);
			runOnlyForDeploymentPostprocessing = 0;
		};
		4F6AEC2A20A7D67500166EAA /* Resources */ = {
			isa = PBXResourcesBuildPhase;
			buildActionMask = 2147483647;
			files = (
			);
			runOnlyForDeploymentPostprocessing = 0;
		};
		4F6AEC3520A7D67500166EAA /* Resources */ = {
			isa = PBXResourcesBuildPhase;
			buildActionMask = 2147483647;
			files = (
			);
			runOnlyForDeploymentPostprocessing = 0;
		};
/* End PBXResourcesBuildPhase section */

/* Begin PBXSourcesBuildPhase section */
		4F6AEC1020A7D67300166EAA /* Sources */ = {
			isa = PBXSourcesBuildPhase;
			buildActionMask = 2147483647;
			files = (
				4F1F9D2620CBCA8900FB4435 /* DrawingMinute.m in Sources */,
				4F5BAE9320B9B86F0051C65E /* DegineCrdArry.m in Sources */,
				4F5BAE9C20BA921F0051C65E /* DrawingInterface.m in Sources */,
				4F1F9D2320CB9B9A00FB4435 /* DrawingSecond.m in Sources */,
				4F6AEC1C20A7D67300166EAA /* ViewController.m in Sources */,
				4F2C3A9320CB5FF600E80358 /* DrawFoundationSuperClass.m in Sources */,
				4F2C3A9620CB659C00E80358 /* DrawingCoordinate.m in Sources */,
				4F1F9D2920CBE67A00FB4435 /* DrawingCoordinateSub.m in Sources */,
				4F024C7720CE9D8E006F9753 /* DrawingSmallPin.m in Sources */,
				4F5BAE9920BA86680051C65E /* CoordinateInit.m in Sources */,
				4F9F974920CA0290000743AF /* AppDelegate.m in Sources */,
				4F6AEC2720A7D67500166EAA /* main.m in Sources */,
				4F5BAE9620B9BB260051C65E /* InitMakingArrays.m in Sources */,
			);
			runOnlyForDeploymentPostprocessing = 0;
		};
		4F6AEC2820A7D67500166EAA /* Sources */ = {
			isa = PBXSourcesBuildPhase;
			buildActionMask = 2147483647;
			files = (
				4F6AEC3120A7D67500166EAA /* MutiBoxTests.m in Sources */,
			);
			runOnlyForDeploymentPostprocessing = 0;
		};
		4F6AEC3320A7D67500166EAA /* Sources */ = {
			isa = PBXSourcesBuildPhase;
			buildActionMask = 2147483647;
			files = (
				4F6AEC3C20A7D67500166EAA /* MutiBoxUITests.m in Sources */,
			);
			runOnlyForDeploymentPostprocessing = 0;
		};
/* End PBXSourcesBuildPhase section */

/* Begin PBXTargetDependency section */
		4F6AEC2E20A7D67500166EAA /* PBXTargetDependency */ = {
			isa = PBXTargetDependency;
			target = 4F6AEC1320A7D67300166EAA /* MutiBox */;
			targetProxy = 4F6AEC2D20A7D67500166EAA /* PBXContainerItemProxy */;
		};
		4F6AEC3920A7D67500166EAA /* PBXTargetDependency */ = {
			isa = PBXTargetDependency;
			target = 4F6AEC1320A7D67300166EAA /* MutiBox */;
			targetProxy = 4F6AEC3820A7D67500166EAA /* PBXContainerItemProxy */;
		};
/* End PBXTargetDependency section */

/* Begin PBXVariantGroup section */
		4F6AEC1D20A7D67300166EAA /* Main.storyboard */ = {
			isa = PBXVariantGroup;
			children = (
				4F6AEC1E20A7D67300166EAA /* Base */,
			);
			name = Main.storyboard;
			sourceTree = "<group>";
		};
		4F6AEC2220A7D67500166EAA /* LaunchScreen.storyboard */ = {
			isa = PBXVariantGroup;
			children = (
				4F6AEC2320A7D67500166EAA /* Base */,
			);
			name = LaunchScreen.storyboard;
			sourceTree = "<group>";
		};
/* End PBXVariantGroup section */

/* Begin XCBuildConfiguration section */
		4F6AEC3E20A7D67500166EAA /* Debug */ = {
			isa = XCBuildConfiguration;
			buildSettings = {
				ALWAYS_SEARCH_USER_PATHS = NO;
				CLANG_ANALYZER_NONNULL = YES;
				CLANG_ANALYZER_NUMBER_OBJECT_CONVERSION = YES_AGGRESSIVE;
				CLANG_CXX_LANGUAGE_STANDARD = "gnu++14";
				CLANG_CXX_LIBRARY = "libc++";
				CLANG_ENABLE_MODULES = YES;
				CLANG_ENABLE_OBJC_ARC = YES;
				CLANG_ENABLE_OBJC_WEAK = YES;
				CLANG_WARN_BLOCK_CAPTURE_AUTORELEASING = YES;
				CLANG_WARN_BOOL_CONVERSION = YES;
				CLANG_WARN_COMMA = YES;
				CLANG_WARN_CONSTANT_CONVERSION = YES;
				CLANG_WARN_DEPRECATED_OBJC_IMPLEMENTATIONS = YES;
				CLANG_WARN_DIRECT_OBJC_ISA_USAGE = YES_ERROR;
				CLANG_WARN_DOCUMENTATION_COMMENTS = YES;
				CLANG_WARN_EMPTY_BODY = YES;
				CLANG_WARN_ENUM_CONVERSION = YES;
				CLANG_WARN_INFINITE_RECURSION = YES;
				CLANG_WARN_INT_CONVERSION = YES;
				CLANG_WARN_NON_LITERAL_NULL_CONVERSION = YES;
				CLANG_WARN_OBJC_IMPLICIT_RETAIN_SELF = YES;
				CLANG_WARN_OBJC_LITERAL_CONVERSION = YES;
				CLANG_WARN_OBJC_ROOT_CLASS = YES_ERROR;
				CLANG_WARN_RANGE_LOOP_ANALYSIS = YES;
				CLANG_WARN_STRICT_PROTOTYPES = YES;
				CLANG_WARN_SUSPICIOUS_MOVE = YES;
				CLANG_WARN_UNGUARDED_AVAILABILITY = YES_AGGRESSIVE;
				CLANG_WARN_UNREACHABLE_CODE = YES;
				CLANG_WARN__DUPLICATE_METHOD_MATCH = YES;
				CODE_SIGN_IDENTITY = "iPhone Developer";
				COPY_PHASE_STRIP = NO;
				DEBUG_INFORMATION_FORMAT = dwarf;
				ENABLE_STRICT_OBJC_MSGSEND = YES;
				ENABLE_TESTABILITY = YES;
				GCC_C_LANGUAGE_STANDARD = gnu11;
				GCC_DYNAMIC_NO_PIC = NO;
				GCC_NO_COMMON_BLOCKS = YES;
				GCC_OPTIMIZATION_LEVEL = 0;
				GCC_PREPROCESSOR_DEFINITIONS = (
					"DEBUG=1",
					"$(inherited)",
				);
				GCC_WARN_64_TO_32_BIT_CONVERSION = YES;
				GCC_WARN_ABOUT_RETURN_TYPE = YES_ERROR;
				GCC_WARN_UNDECLARED_SELECTOR = YES;
				GCC_WARN_UNINITIALIZED_AUTOS = YES_AGGRESSIVE;
				GCC_WARN_UNUSED_FUNCTION = YES;
				GCC_WARN_UNUSED_VARIABLE = YES;
				IPHONEOS_DEPLOYMENT_TARGET = 11.3;
				MTL_ENABLE_DEBUG_INFO = YES;
				ONLY_ACTIVE_ARCH = YES;
				SDKROOT = iphoneos;
			};
			name = Debug;
		};
		4F6AEC3F20A7D67500166EAA /* Release */ = {
			isa = XCBuildConfiguration;
			buildSettings = {
				ALWAYS_SEARCH_USER_PATHS = NO;
				CLANG_ANALYZER_NONNULL = YES;
				CLANG_ANALYZER_NUMBER_OBJECT_CONVERSION = YES_AGGRESSIVE;
				CLANG_CXX_LANGUAGE_STANDARD = "gnu++14";
				CLANG_CXX_LIBRARY = "libc++";
				CLANG_ENABLE_MODULES = YES;
				CLANG_ENABLE_OBJC_ARC = YES;
				CLANG_ENABLE_OBJC_WEAK = YES;
				CLANG_WARN_BLOCK_CAPTURE_AUTORELEASING = YES;
				CLANG_WARN_BOOL_CONVERSION = YES;
				CLANG_WARN_COMMA = YES;
				CLANG_WARN_CONSTANT_CONVERSION = YES;
				CLANG_WARN_DEPRECATED_OBJC_IMPLEMENTATIONS = YES;
				CLANG_WARN_DIRECT_OBJC_ISA_USAGE = YES_ERROR;
				CLANG_WARN_DOCUMENTATION_COMMENTS = YES;
				CLANG_WARN_EMPTY_BODY = YES;
				CLANG_WARN_ENUM_CONVERSION = YES;
				CLANG_WARN_INFINITE_RECURSION = YES;
				CLANG_WARN_INT_CONVERSION = YES;
				CLANG_WARN_NON_LITERAL_NULL_CONVERSION = YES;
				CLANG_WARN_OBJC_IMPLICIT_RETAIN_SELF = YES;
				CLANG_WARN_OBJC_LITERAL_CONVERSION = YES;
				CLANG_WARN_OBJC_ROOT_CLASS = YES_ERROR;
				CLANG_WARN_RANGE_LOOP_ANALYSIS = YES;
				CLANG_WARN_STRICT_PROTOTYPES = YES;
				CLANG_WARN_SUSPICIOUS_MOVE = YES;
				CLANG_WARN_UNGUARDED_AVAILABILITY = YES_AGGRESSIVE;
				CLANG_WARN_UNREACHABLE_CODE = YES;
				CLANG_WARN__DUPLICATE_METHOD_MATCH = YES;
				CODE_SIGN_IDENTITY = "iPhone Developer";
				COPY_PHASE_STRIP = NO;
				DEBUG_INFORMATION_FORMAT = "dwarf-with-dsym";
				ENABLE_NS_ASSERTIONS = NO;
				ENABLE_STRICT_OBJC_MSGSEND = YES;
				GCC_C_LANGUAGE_STANDARD = gnu11;
				GCC_NO_COMMON_BLOCKS = YES;
				GCC_WARN_64_TO_32_BIT_CONVERSION = YES;
				GCC_WARN_ABOUT_RETURN_TYPE = YES_ERROR;
				GCC_WARN_UNDECLARED_SELECTOR = YES;
				GCC_WARN_UNINITIALIZED_AUTOS = YES_AGGRESSIVE;
				GCC_WARN_UNUSED_FUNCTION = YES;
				GCC_WARN_UNUSED_VARIABLE = YES;
				IPHONEOS_DEPLOYMENT_TARGET = 11.3;
				MTL_ENABLE_DEBUG_INFO = NO;
				SDKROOT = iphoneos;
				VALIDATE_PRODUCT = YES;
			};
			name = Release;
		};
		4F6AEC4120A7D67500166EAA /* Debug */ = {
			isa = XCBuildConfiguration;
			buildSettings = {
				ASSETCATALOG_COMPILER_APPICON_NAME = AppIcon;
				CODE_SIGN_STYLE = Automatic;
				INFOPLIST_FILE = MutiBox/Info.plist;
				LD_RUNPATH_SEARCH_PATHS = (
					"$(inherited)",
					"@executable_path/Frameworks",
				);
				PRODUCT_BUNDLE_IDENTIFIER = kim.MutiBox;
				PRODUCT_NAME = "$(TARGET_NAME)";
				TARGETED_DEVICE_FAMILY = "1,2";
			};
			name = Debug;
		};
		4F6AEC4220A7D67500166EAA /* Release */ = {
			isa = XCBuildConfiguration;
			buildSettings = {
				ASSETCATALOG_COMPILER_APPICON_NAME = AppIcon;
				CODE_SIGN_STYLE = Automatic;
				INFOPLIST_FILE = MutiBox/Info.plist;
				LD_RUNPATH_SEARCH_PATHS = (
					"$(inherited)",
					"@executable_path/Frameworks",
				);
				PRODUCT_BUNDLE_IDENTIFIER = kim.MutiBox;
				PRODUCT_NAME = "$(TARGET_NAME)";
				TARGETED_DEVICE_FAMILY = "1,2";
			};
			name = Release;
		};
		4F6AEC4420A7D67500166EAA /* Debug */ = {
			isa = XCBuildConfiguration;
			buildSettings = {
				BUNDLE_LOADER = "$(TEST_HOST)";
				CODE_SIGN_STYLE = Automatic;
				INFOPLIST_FILE = MutiBoxTests/Info.plist;
				LD_RUNPATH_SEARCH_PATHS = (
					"$(inherited)",
					"@executable_path/Frameworks",
					"@loader_path/Frameworks",
				);
				PRODUCT_BUNDLE_IDENTIFIER = kim.MutiBoxTests;
				PRODUCT_NAME = "$(TARGET_NAME)";
				TARGETED_DEVICE_FAMILY = "1,2";
				TEST_HOST = "$(BUILT_PRODUCTS_DIR)/MutiBox.app/MutiBox";
			};
			name = Debug;
		};
		4F6AEC4520A7D67500166EAA /* Release */ = {
			isa = XCBuildConfiguration;
			buildSettings = {
				BUNDLE_LOADER = "$(TEST_HOST)";
				CODE_SIGN_STYLE = Automatic;
				INFOPLIST_FILE = MutiBoxTests/Info.plist;
				LD_RUNPATH_SEARCH_PATHS = (
					"$(inherited)",
					"@executable_path/Frameworks",
					"@loader_path/Frameworks",
				);
				PRODUCT_BUNDLE_IDENTIFIER = kim.MutiBoxTests;
				PRODUCT_NAME = "$(TARGET_NAME)";
				TARGETED_DEVICE_FAMILY = "1,2";
				TEST_HOST = "$(BUILT_PRODUCTS_DIR)/MutiBox.app/MutiBox";
			};
			name = Release;
		};
		4F6AEC4720A7D67500166EAA /* Debug */ = {
			isa = XCBuildConfiguration;
			buildSettings = {
				CODE_SIGN_STYLE = Automatic;
				INFOPLIST_FILE = MutiBoxUITests/Info.plist;
				LD_RUNPATH_SEARCH_PATHS = (
					"$(inherited)",
					"@executable_path/Frameworks",
					"@loader_path/Frameworks",
				);
				PRODUCT_BUNDLE_IDENTIFIER = kim.MutiBoxUITests;
				PRODUCT_NAME = "$(TARGET_NAME)";
				TARGETED_DEVICE_FAMILY = "1,2";
				TEST_TARGET_NAME = MutiBox;
			};
			name = Debug;
		};
		4F6AEC4820A7D67500166EAA /* Release */ = {
			isa = XCBuildConfiguration;
			buildSettings = {
				CODE_SIGN_STYLE = Automatic;
				INFOPLIST_FILE = MutiBoxUITests/Info.plist;
				LD_RUNPATH_SEARCH_PATHS = (
					"$(inherited)",
					"@executable_path/Frameworks",
					"@loader_path/Frameworks",
				);
				PRODUCT_BUNDLE_IDENTIFIER = kim.MutiBoxUITests;
				PRODUCT_NAME = "$(TARGET_NAME)";
				TARGETED_DEVICE_FAMILY = "1,2";
				TEST_TARGET_NAME = MutiBox;
			};
			name = Release;
		};
/* End XCBuildConfiguration section */

/* Begin XCConfigurationList section */
		4F6AEC0F20A7D67300166EAA /* Build configuration list for PBXProject "MutiBox" */ = {
			isa = XCConfigurationList;
			buildConfigurations = (
				4F6AEC3E20A7D67500166EAA /* Debug */,
				4F6AEC3F20A7D67500166EAA /* Release */,
			);
			defaultConfigurationIsVisible = 0;
			defaultConfigurationName = Release;
		};
		4F6AEC4020A7D67500166EAA /* Build configuration list for PBXNativeTarget "MutiBox" */ = {
			isa = XCConfigurationList;
			buildConfigurations = (
				4F6AEC4120A7D67500166EAA /* Debug */,
				4F6AEC4220A7D67500166EAA /* Release */,
			);
			defaultConfigurationIsVisible = 0;
			defaultConfigurationName = Release;
		};
		4F6AEC4320A7D67500166EAA /* Build configuration list for PBXNativeTarget "MutiBoxTests" */ = {
			isa = XCConfigurationList;
			buildConfigurations = (
				4F6AEC4420A7D67500166EAA /* Debug */,
				4F6AEC4520A7D67500166EAA /* Release */,
			);
			defaultConfigurationIsVisible = 0;
			defaultConfigurationName = Release;
		};
		4F6AEC4620A7D67500166EAA /* Build configuration list for PBXNativeTarget "MutiBoxUITests" */ = {
			isa = XCConfigurationList;
			buildConfigurations = (
				4F6AEC4720A7D67500166EAA /* Debug */,
				4F6AEC4820A7D67500166EAA /* Release */,
			);
			defaultConfigurationIsVisible = 0;
			defaultConfigurationName = Release;
		};
/* End XCConfigurationList section */
	};
	rootObject = 4F6AEC0C20A7D67300166EAA /* Project object */;
}
